<?xml version="1.0" encoding="utf-8"?>
<Project ToolsVersion="4.0" xmlns="http://schemas.microsoft.com/developer/msbuild/2003">
  <ItemGroup>
    <ClCompile Include="..\..\..\drv\MDF\MDF_ARDriverHSequence_0.cxx" />
    <ClCompile Include="..\..\..\drv\MDF\MDF_ARDriverSequence_0.cxx" />
    <ClCompile Include="..\..\..\drv\MDF\MDF_ARDriverTable_0.cxx" />
    <ClCompile Include="..\..\..\drv\MDF\MDF_ASDriverHSequence_0.cxx" />
    <ClCompile Include="..\..\..\drv\MDF\MDF_ASDriverSequence_0.cxx" />
    <ClCompile Include="..\..\..\drv\MDF\MDF_ASDriverTable_0.cxx" />
    <ClCompile Include="..\..\..\drv\MDF\MDF_DataMapIteratorOfTypeARDriverMap_0.cxx" />
    <ClCompile Include="..\..\..\drv\MDF\MDF_DataMapIteratorOfTypeASDriverMap_0.cxx" />
    <ClCompile Include="..\..\..\drv\MDF\MDF_DataMapIteratorOfTypeDriverListMapOfARDriverTable_0.cxx" />
    <ClCompile Include="..\..\..\drv\MDF\MDF_DataMapIteratorOfTypeDriverListMapOfASDriverTable_0.cxx" />
    <ClCompile Include="..\..\..\drv\MDF\MDF_DataMapNodeOfTypeARDriverMap_0.cxx" />
    <ClCompile Include="..\..\..\drv\MDF\MDF_DataMapNodeOfTypeASDriverMap_0.cxx" />
    <ClCompile Include="..\..\..\drv\MDF\MDF_DataMapNodeOfTypeDriverListMapOfARDriverTable_0.cxx" />
    <ClCompile Include="..\..\..\drv\MDF\MDF_DataMapNodeOfTypeDriverListMapOfASDriverTable_0.cxx" />
    <ClCompile Include="..\..\..\drv\MDF\MDF_DriverListOfARDriverTable_0.cxx" />
    <ClCompile Include="..\..\..\drv\MDF\MDF_DriverListOfASDriverTable_0.cxx" />
    <ClCompile Include="..\..\..\drv\MDF\MDF_ListIteratorOfDriverListOfARDriverTable_0.cxx" />
    <ClCompile Include="..\..\..\drv\MDF\MDF_ListIteratorOfDriverListOfASDriverTable_0.cxx" />
    <ClCompile Include="..\..\..\drv\MDF\MDF_ListNodeOfDriverListOfARDriverTable_0.cxx" />
    <ClCompile Include="..\..\..\drv\MDF\MDF_ListNodeOfDriverListOfASDriverTable_0.cxx" />
    <ClCompile Include="..\..\..\drv\MDF\MDF_RRelocationTable_0.cxx" />
    <ClCompile Include="..\..\..\drv\MDF\MDF_SequenceNodeOfARDriverSequence_0.cxx" />
    <ClCompile Include="..\..\..\drv\MDF\MDF_SequenceNodeOfASDriverSequence_0.cxx" />
    <ClCompile Include="..\..\..\drv\MDF\MDF_SRelocationTable_0.cxx" />
    <ClCompile Include="..\..\..\drv\MDF\MDF_TypeARDriverMap_0.cxx" />
    <ClCompile Include="..\..\..\drv\MDF\MDF_TypeASDriverMap_0.cxx" />
    <ClCompile Include="..\..\..\drv\MDF\MDF_TypeDriverListMapOfARDriverTable_0.cxx" />
    <ClCompile Include="..\..\..\drv\MDF\MDF_TypeDriverListMapOfASDriverTable_0.cxx" />
    <ClCompile Include="..\..\..\drv\PDataStd\PDataStd_FieldOfHArray1OfByte_0.cxx" />
    <ClCompile Include="..\..\..\drv\PDataStd\PDataStd_FieldOfHArray1OfHArray1OfInteger_0.cxx" />
    <ClCompile Include="..\..\..\drv\PDataStd\PDataStd_FieldOfHArray1OfHArray1OfReal_0.cxx" />
    <ClCompile Include="..\..\..\drv\PDataStd\PDataStd_FieldOfHArray1OfHAsciiString_0.cxx" />
    <ClCompile Include="..\..\..\drv\PDataStd\PDataStd_HArray1OfByte_0.cxx" />
    <ClCompile Include="..\..\..\drv\PDataStd\PDataStd_HArray1OfHArray1OfInteger_0.cxx" />
    <ClCompile Include="..\..\..\drv\PDataStd\PDataStd_HArray1OfHArray1OfReal_0.cxx" />
    <ClCompile Include="..\..\..\drv\PDataStd\PDataStd_HArray1OfHAsciiString_0.cxx" />
    <ClCompile Include="..\..\..\drv\PDataStd\PDataStd_VArrayNodeOfFieldOfHArray1OfByte_0.cxx" />
    <ClCompile Include="..\..\..\drv\PDataStd\PDataStd_VArrayNodeOfFieldOfHArray1OfHArray1OfInteger_0.cxx" />
    <ClCompile Include="..\..\..\drv\PDataStd\PDataStd_VArrayNodeOfFieldOfHArray1OfHArray1OfReal_0.cxx" />
    <ClCompile Include="..\..\..\drv\PDataStd\PDataStd_VArrayNodeOfFieldOfHArray1OfHAsciiString_0.cxx" />
    <ClCompile Include="..\..\..\drv\PDataStd\PDataStd_VArrayTNodeOfFieldOfHArray1OfByte_0.cxx" />
    <ClCompile Include="..\..\..\drv\PDataStd\PDataStd_VArrayTNodeOfFieldOfHArray1OfHArray1OfInteger_0.cxx" />
    <ClCompile Include="..\..\..\drv\PDataStd\PDataStd_VArrayTNodeOfFieldOfHArray1OfHArray1OfReal_0.cxx" />
    <ClCompile Include="..\..\..\drv\PDataStd\PDataStd_VArrayTNodeOfFieldOfHArray1OfHAsciiString_0.cxx" />
    <ClCompile Include="..\..\..\drv\PDF\PDF_FieldOfHAttributeArray1_0.cxx" />
    <ClCompile Include="..\..\..\drv\PDF\PDF_HAttributeArray1_0.cxx" />
    <ClCompile Include="..\..\..\drv\PDF\PDF_VArrayNodeOfFieldOfHAttributeArray1_0.cxx" />
    <ClCompile Include="..\..\..\drv\PDF\PDF_VArrayTNodeOfFieldOfHAttributeArray1_0.cxx" />
    <ClCompile Include="..\..\..\src\MDataStd\MDataStd.cxx" />
    <ClCompile Include="..\..\..\src\MDataStd\MDataStd_AsciiStringRetrievalDriver.cxx" />
    <ClCompile Include="..\..\..\src\MDataStd\MDataStd_AsciiStringStorageDriver.cxx" />
    <ClCompile Include="..\..\..\src\MDataStd\MDataStd_BooleanArrayRetrievalDriver.cxx" />
    <ClCompile Include="..\..\..\src\MDataStd\MDataStd_BooleanArrayStorageDriver.cxx" />
    <ClCompile Include="..\..\..\src\MDataStd\MDataStd_BooleanListRetrievalDriver.cxx" />
    <ClCompile Include="..\..\..\src\MDataStd\MDataStd_BooleanListStorageDriver.cxx" />
    <ClCompile Include="..\..\..\src\MDataStd\MDataStd_ByteArrayRetrievalDriver.cxx" />
    <ClCompile Include="..\..\..\src\MDataStd\MDataStd_ByteArrayRetrievalDriver_1.cxx" />
    <ClCompile Include="..\..\..\src\MDataStd\MDataStd_ByteArrayStorageDriver.cxx" />
    <ClCompile Include="..\..\..\src\MDataStd\MDataStd_CommentRetrievalDriver.cxx" />
    <ClCompile Include="..\..\..\src\MDataStd\MDataStd_CommentStorageDriver.cxx" />
    <ClCompile Include="..\..\..\src\MDataStd\MDataStd_DirectoryRetrievalDriver.cxx" />
    <ClCompile Include="..\..\..\src\MDataStd\MDataStd_DirectoryStorageDriver.cxx" />
    <ClCompile Include="..\..\..\src\MDataStd\MDataStd_ExpressionRetrievalDriver.cxx" />
    <ClCompile Include="..\..\..\src\MDataStd\MDataStd_ExpressionStorageDriver.cxx" />
    <ClCompile Include="..\..\..\src\MDataStd\MDataStd_ExtStringArrayRetrievalDriver.cxx" />
    <ClCompile Include="..\..\..\src\MDataStd\MDataStd_ExtStringArrayRetrievalDriver_1.cxx" />
    <ClCompile Include="..\..\..\src\MDataStd\MDataStd_ExtStringArrayStorageDriver.cxx" />
    <ClCompile Include="..\..\..\src\MDataStd\MDataStd_ExtStringListRetrievalDriver.cxx" />
    <ClCompile Include="..\..\..\src\MDataStd\MDataStd_ExtStringListStorageDriver.cxx" />
    <ClCompile Include="..\..\..\src\MDataStd\MDataStd_IntegerArrayRetrievalDriver.cxx" />
    <ClCompile Include="..\..\..\src\MDataStd\MDataStd_IntegerArrayRetrievalDriver_1.cxx" />
    <ClCompile Include="..\..\..\src\MDataStd\MDataStd_IntegerArrayStorageDriver.cxx" />
    <ClCompile Include="..\..\..\src\MDataStd\MDataStd_IntegerListRetrievalDriver.cxx" />
    <ClCompile Include="..\..\..\src\MDataStd\MDataStd_IntegerListStorageDriver.cxx" />
    <ClCompile Include="..\..\..\src\MDataStd\MDataStd_IntegerRetrievalDriver.cxx" />
    <ClCompile Include="..\..\..\src\MDataStd\MDataStd_IntegerStorageDriver.cxx" />
    <ClCompile Include="..\..\..\src\MDataStd\MDataStd_IntPackedMapRetrievalDriver.cxx" />
    <ClCompile Include="..\..\..\src\MDataStd\MDataStd_IntPackedMapRetrievalDriver_1.cxx" />
    <ClCompile Include="..\..\..\src\MDataStd\MDataStd_IntPackedMapStorageDriver.cxx" />
    <ClCompile Include="..\..\..\src\MDataStd\MDataStd_NamedDataRetrievalDriver.cxx" />
    <ClCompile Include="..\..\..\src\MDataStd\MDataStd_NamedDataStorageDriver.cxx" />
    <ClCompile Include="..\..\..\src\MDataStd\MDataStd_NameRetrievalDriver.cxx" />
    <ClCompile Include="..\..\..\src\MDataStd\MDataStd_NameStorageDriver.cxx" />
    <ClCompile Include="..\..\..\src\MDataStd\MDataStd_NoteBookRetrievalDriver.cxx" />
    <ClCompile Include="..\..\..\src\MDataStd\MDataStd_NoteBookStorageDriver.cxx" />
    <ClCompile Include="..\..\..\src\MDataStd\MDataStd_RealArrayRetrievalDriver.cxx" />
    <ClCompile Include="..\..\..\src\MDataStd\MDataStd_RealArrayRetrievalDriver_1.cxx" />
    <ClCompile Include="..\..\..\src\MDataStd\MDataStd_RealArrayStorageDriver.cxx" />
    <ClCompile Include="..\..\..\src\MDataStd\MDataStd_RealListRetrievalDriver.cxx" />
    <ClCompile Include="..\..\..\src\MDataStd\MDataStd_RealListStorageDriver.cxx" />
    <ClCompile Include="..\..\..\src\MDataStd\MDataStd_RealRetrievalDriver.cxx" />
    <ClCompile Include="..\..\..\src\MDataStd\MDataStd_RealStorageDriver.cxx" />
    <ClCompile Include="..\..\..\src\MDataStd\MDataStd_ReferenceArrayRetrievalDriver.cxx" />
    <ClCompile Include="..\..\..\src\MDataStd\MDataStd_ReferenceArrayStorageDriver.cxx" />
    <ClCompile Include="..\..\..\src\MDataStd\MDataStd_ReferenceListRetrievalDriver.cxx" />
    <ClCompile Include="..\..\..\src\MDataStd\MDataStd_ReferenceListStorageDriver.cxx" />
    <ClCompile Include="..\..\..\src\MDataStd\MDataStd_RelationRetrievalDriver.cxx" />
    <ClCompile Include="..\..\..\src\MDataStd\MDataStd_RelationStorageDriver.cxx" />
    <ClCompile Include="..\..\..\src\MDataStd\MDataStd_TickRetrievalDriver.cxx" />
    <ClCompile Include="..\..\..\src\MDataStd\MDataStd_TickStorageDriver.cxx" />
    <ClCompile Include="..\..\..\src\MDataStd\MDataStd_TreeNodeRetrievalDriver.cxx" />
    <ClCompile Include="..\..\..\src\MDataStd\MDataStd_TreeNodeStorageDriver.cxx" />
    <ClCompile Include="..\..\..\src\MDataStd\MDataStd_UAttributeRetrievalDriver.cxx" />
    <ClCompile Include="..\..\..\src\MDataStd\MDataStd_UAttributeStorageDriver.cxx" />
    <ClCompile Include="..\..\..\src\MDataStd\MDataStd_VariableRetrievalDriver.cxx" />
    <ClCompile Include="..\..\..\src\MDataStd\MDataStd_VariableStorageDriver.cxx" />
    <ClCompile Include="..\..\..\src\MDF\MDF.cxx" />
    <ClCompile Include="..\..\..\src\MDF\MDF_ARDriver.cxx" />
    <ClCompile Include="..\..\..\src\MDF\MDF_ASDriver.cxx" />
    <ClCompile Include="..\..\..\src\MDF\MDF_ReferenceRetrievalDriver.cxx" />
    <ClCompile Include="..\..\..\src\MDF\MDF_ReferenceStorageDriver.cxx" />
    <ClCompile Include="..\..\..\src\MDF\MDF_TagSourceRetrievalDriver.cxx" />
    <ClCompile Include="..\..\..\src\MDF\MDF_TagSourceStorageDriver.cxx" />
    <ClCompile Include="..\..\..\src\MDF\MDF_Tool.cxx" />
    <ClCompile Include="..\..\..\src\MDocStd\MDocStd.cxx" />
    <ClCompile Include="..\..\..\src\MDocStd\MDocStd_DocumentRetrievalDriver.cxx" />
    <ClCompile Include="..\..\..\src\MDocStd\MDocStd_DocumentStorageDriver.cxx" />
    <ClCompile Include="..\..\..\src\MDocStd\MDocStd_XLinkRetrievalDriver.cxx" />
    <ClCompile Include="..\..\..\src\MDocStd\MDocStd_XLinkStorageDriver.cxx" />
    <ClCompile Include="..\..\..\src\MFunction\MFunction.cxx" />
    <ClCompile Include="..\..\..\src\MFunction\MFunction_FunctionRetrievalDriver.cxx" />
    <ClCompile Include="..\..\..\src\MFunction\MFunction_FunctionStorageDriver.cxx" />
    <ClCompile Include="..\..\..\src\PDataStd\PDataStd_AsciiString.cxx" />
    <ClCompile Include="..\..\..\src\PDataStd\PDataStd_BooleanArray.cxx" />
    <ClCompile Include="..\..\..\src\PDataStd\PDataStd_BooleanList.cxx" />
    <ClCompile Include="..\..\..\src\PDataStd\PDataStd_ByteArray.cxx" />
    <ClCompile Include="..\..\..\src\PDataStd\PDataStd_ByteArray_1.cxx" />
    <ClCompile Include="..\..\..\src\PDataStd\PDataStd_Comment.cxx" />
    <ClCompile Include="..\..\..\src\PDataStd\PDataStd_Directory.cxx" />
    <ClCompile Include="..\..\..\src\PDataStd\PDataStd_Expression.cxx" />
    <ClCompile Include="..\..\..\src\PDataStd\PDataStd_ExtStringArray.cxx" />
    <ClCompile Include="..\..\..\src\PDataStd\PDataStd_ExtStringArray_1.cxx" />
    <ClCompile Include="..\..\..\src\PDataStd\PDataStd_ExtStringList.cxx" />
    <ClCompile Include="..\..\..\src\PDataStd\PDataStd_Integer.cxx" />
    <ClCompile Include="..\..\..\src\PDataStd\PDataStd_IntegerArray.cxx" />
    <ClCompile Include="..\..\..\src\PDataStd\PDataStd_IntegerArray_1.cxx" />
    <ClCompile Include="..\..\..\src\PDataStd\PDataStd_IntegerList.cxx" />
    <ClCompile Include="..\..\..\src\PDataStd\PDataStd_IntPackedMap.cxx" />
    <ClCompile Include="..\..\..\src\PDataStd\PDataStd_IntPackedMap_1.cxx" />
    <ClCompile Include="..\..\..\src\PDataStd\PDataStd_Name.cxx" />
    <ClCompile Include="..\..\..\src\PDataStd\PDataStd_NamedData.cxx" />
    <ClCompile Include="..\..\..\src\PDataStd\PDataStd_NoteBook.cxx" />
    <ClCompile Include="..\..\..\src\PDataStd\PDataStd_Real.cxx" />
    <ClCompile Include="..\..\..\src\PDataStd\PDataStd_RealArray.cxx" />
    <ClCompile Include="..\..\..\src\PDataStd\PDataStd_RealArray_1.cxx" />
    <ClCompile Include="..\..\..\src\PDataStd\PDataStd_RealList.cxx" />
    <ClCompile Include="..\..\..\src\PDataStd\PDataStd_ReferenceArray.cxx" />
    <ClCompile Include="..\..\..\src\PDataStd\PDataStd_ReferenceList.cxx" />
    <ClCompile Include="..\..\..\src\PDataStd\PDataStd_Relation.cxx" />
    <ClCompile Include="..\..\..\src\PDataStd\PDataStd_Tick.cxx" />
    <ClCompile Include="..\..\..\src\PDataStd\PDataStd_TreeNode.cxx" />
    <ClCompile Include="..\..\..\src\PDataStd\PDataStd_UAttribute.cxx" />
    <ClCompile Include="..\..\..\src\PDataStd\PDataStd_Variable.cxx" />
    <ClCompile Include="..\..\..\src\PDF\PDF_Attribute.cxx" />
    <ClCompile Include="..\..\..\src\PDF\PDF_Data.cxx" />
    <ClCompile Include="..\..\..\src\PDF\PDF_Reference.cxx" />
    <ClCompile Include="..\..\..\src\PDF\PDF_TagSource.cxx" />
    <ClCompile Include="..\..\..\src\PDocStd\PDocStd_Document.cxx" />
    <ClCompile Include="..\..\..\src\PDocStd\PDocStd_XLink.cxx" />
    <ClCompile Include="..\..\..\src\PFunction\PFunction_Function.cxx" />
  </ItemGroup>
</Project>