<?xml version="1.0" encoding="utf-8"?>
<Project ToolsVersion="4.0" xmlns="http://schemas.microsoft.com/developer/msbuild/2003">
  <ItemGroup>
    <ClCompile Include="..\..\..\drv\PColgp\PColgp_FieldOfHArray1OfCirc2d_0.cxx" />
    <ClCompile Include="..\..\..\drv\PColgp\PColgp_FieldOfHArray1OfDir2d_0.cxx" />
    <ClCompile Include="..\..\..\drv\PColgp\PColgp_FieldOfHArray1OfDir_0.cxx" />
    <ClCompile Include="..\..\..\drv\PColgp\PColgp_FieldOfHArray1OfLin2d_0.cxx" />
    <ClCompile Include="..\..\..\drv\PColgp\PColgp_FieldOfHArray1OfPnt2d_0.cxx" />
    <ClCompile Include="..\..\..\drv\PColgp\PColgp_FieldOfHArray1OfPnt_0.cxx" />
    <ClCompile Include="..\..\..\drv\PColgp\PColgp_FieldOfHArray1OfVec2d_0.cxx" />
    <ClCompile Include="..\..\..\drv\PColgp\PColgp_FieldOfHArray1OfVec_0.cxx" />
    <ClCompile Include="..\..\..\drv\PColgp\PColgp_FieldOfHArray1OfXYZ_0.cxx" />
    <ClCompile Include="..\..\..\drv\PColgp\PColgp_FieldOfHArray1OfXY_0.cxx" />
    <ClCompile Include="..\..\..\drv\PColgp\PColgp_FieldOfHArray2OfCirc2d_0.cxx" />
    <ClCompile Include="..\..\..\drv\PColgp\PColgp_FieldOfHArray2OfDir2d_0.cxx" />
    <ClCompile Include="..\..\..\drv\PColgp\PColgp_FieldOfHArray2OfDir_0.cxx" />
    <ClCompile Include="..\..\..\drv\PColgp\PColgp_FieldOfHArray2OfLin2d_0.cxx" />
    <ClCompile Include="..\..\..\drv\PColgp\PColgp_FieldOfHArray2OfPnt2d_0.cxx" />
    <ClCompile Include="..\..\..\drv\PColgp\PColgp_FieldOfHArray2OfPnt_0.cxx" />
    <ClCompile Include="..\..\..\drv\PColgp\PColgp_FieldOfHArray2OfVec2d_0.cxx" />
    <ClCompile Include="..\..\..\drv\PColgp\PColgp_FieldOfHArray2OfVec_0.cxx" />
    <ClCompile Include="..\..\..\drv\PColgp\PColgp_FieldOfHArray2OfXYZ_0.cxx" />
    <ClCompile Include="..\..\..\drv\PColgp\PColgp_FieldOfHArray2OfXY_0.cxx" />
    <ClCompile Include="..\..\..\drv\PColgp\PColgp_HArray1OfCirc2d_0.cxx" />
    <ClCompile Include="..\..\..\drv\PColgp\PColgp_HArray1OfDir2d_0.cxx" />
    <ClCompile Include="..\..\..\drv\PColgp\PColgp_HArray1OfDir_0.cxx" />
    <ClCompile Include="..\..\..\drv\PColgp\PColgp_HArray1OfLin2d_0.cxx" />
    <ClCompile Include="..\..\..\drv\PColgp\PColgp_HArray1OfPnt2d_0.cxx" />
    <ClCompile Include="..\..\..\drv\PColgp\PColgp_HArray1OfPnt_0.cxx" />
    <ClCompile Include="..\..\..\drv\PColgp\PColgp_HArray1OfVec2d_0.cxx" />
    <ClCompile Include="..\..\..\drv\PColgp\PColgp_HArray1OfVec_0.cxx" />
    <ClCompile Include="..\..\..\drv\PColgp\PColgp_HArray1OfXYZ_0.cxx" />
    <ClCompile Include="..\..\..\drv\PColgp\PColgp_HArray1OfXY_0.cxx" />
    <ClCompile Include="..\..\..\drv\PColgp\PColgp_HArray2OfCirc2d_0.cxx" />
    <ClCompile Include="..\..\..\drv\PColgp\PColgp_HArray2OfDir2d_0.cxx" />
    <ClCompile Include="..\..\..\drv\PColgp\PColgp_HArray2OfDir_0.cxx" />
    <ClCompile Include="..\..\..\drv\PColgp\PColgp_HArray2OfLin2d_0.cxx" />
    <ClCompile Include="..\..\..\drv\PColgp\PColgp_HArray2OfPnt2d_0.cxx" />
    <ClCompile Include="..\..\..\drv\PColgp\PColgp_HArray2OfPnt_0.cxx" />
    <ClCompile Include="..\..\..\drv\PColgp\PColgp_HArray2OfVec2d_0.cxx" />
    <ClCompile Include="..\..\..\drv\PColgp\PColgp_HArray2OfVec_0.cxx" />
    <ClCompile Include="..\..\..\drv\PColgp\PColgp_HArray2OfXYZ_0.cxx" />
    <ClCompile Include="..\..\..\drv\PColgp\PColgp_HArray2OfXY_0.cxx" />
    <ClCompile Include="..\..\..\drv\PColgp\PColgp_HSequenceOfDir_0.cxx" />
    <ClCompile Include="..\..\..\drv\PColgp\PColgp_HSequenceOfPnt_0.cxx" />
    <ClCompile Include="..\..\..\drv\PColgp\PColgp_HSequenceOfVec_0.cxx" />
    <ClCompile Include="..\..\..\drv\PColgp\PColgp_HSequenceOfXYZ_0.cxx" />
    <ClCompile Include="..\..\..\drv\PColgp\PColgp_SeqExplorerOfHSequenceOfDir_0.cxx" />
    <ClCompile Include="..\..\..\drv\PColgp\PColgp_SeqExplorerOfHSequenceOfPnt_0.cxx" />
    <ClCompile Include="..\..\..\drv\PColgp\PColgp_SeqExplorerOfHSequenceOfVec_0.cxx" />
    <ClCompile Include="..\..\..\drv\PColgp\PColgp_SeqExplorerOfHSequenceOfXYZ_0.cxx" />
    <ClCompile Include="..\..\..\drv\PColgp\PColgp_SeqNodeOfHSequenceOfDir_0.cxx" />
    <ClCompile Include="..\..\..\drv\PColgp\PColgp_SeqNodeOfHSequenceOfPnt_0.cxx" />
    <ClCompile Include="..\..\..\drv\PColgp\PColgp_SeqNodeOfHSequenceOfVec_0.cxx" />
    <ClCompile Include="..\..\..\drv\PColgp\PColgp_SeqNodeOfHSequenceOfXYZ_0.cxx" />
    <ClCompile Include="..\..\..\drv\PColgp\PColgp_VArrayNodeOfFieldOfHArray1OfCirc2d_0.cxx" />
    <ClCompile Include="..\..\..\drv\PColgp\PColgp_VArrayNodeOfFieldOfHArray1OfDir2d_0.cxx" />
    <ClCompile Include="..\..\..\drv\PColgp\PColgp_VArrayNodeOfFieldOfHArray1OfDir_0.cxx" />
    <ClCompile Include="..\..\..\drv\PColgp\PColgp_VArrayNodeOfFieldOfHArray1OfLin2d_0.cxx" />
    <ClCompile Include="..\..\..\drv\PColgp\PColgp_VArrayNodeOfFieldOfHArray1OfPnt2d_0.cxx" />
    <ClCompile Include="..\..\..\drv\PColgp\PColgp_VArrayNodeOfFieldOfHArray1OfPnt_0.cxx" />
    <ClCompile Include="..\..\..\drv\PColgp\PColgp_VArrayNodeOfFieldOfHArray1OfVec2d_0.cxx" />
    <ClCompile Include="..\..\..\drv\PColgp\PColgp_VArrayNodeOfFieldOfHArray1OfVec_0.cxx" />
    <ClCompile Include="..\..\..\drv\PColgp\PColgp_VArrayNodeOfFieldOfHArray1OfXYZ_0.cxx" />
    <ClCompile Include="..\..\..\drv\PColgp\PColgp_VArrayNodeOfFieldOfHArray1OfXY_0.cxx" />
    <ClCompile Include="..\..\..\drv\PColgp\PColgp_VArrayNodeOfFieldOfHArray2OfCirc2d_0.cxx" />
    <ClCompile Include="..\..\..\drv\PColgp\PColgp_VArrayNodeOfFieldOfHArray2OfDir2d_0.cxx" />
    <ClCompile Include="..\..\..\drv\PColgp\PColgp_VArrayNodeOfFieldOfHArray2OfDir_0.cxx" />
    <ClCompile Include="..\..\..\drv\PColgp\PColgp_VArrayNodeOfFieldOfHArray2OfLin2d_0.cxx" />
    <ClCompile Include="..\..\..\drv\PColgp\PColgp_VArrayNodeOfFieldOfHArray2OfPnt2d_0.cxx" />
    <ClCompile Include="..\..\..\drv\PColgp\PColgp_VArrayNodeOfFieldOfHArray2OfPnt_0.cxx" />
    <ClCompile Include="..\..\..\drv\PColgp\PColgp_VArrayNodeOfFieldOfHArray2OfVec2d_0.cxx" />
    <ClCompile Include="..\..\..\drv\PColgp\PColgp_VArrayNodeOfFieldOfHArray2OfVec_0.cxx" />
    <ClCompile Include="..\..\..\drv\PColgp\PColgp_VArrayNodeOfFieldOfHArray2OfXYZ_0.cxx" />
    <ClCompile Include="..\..\..\drv\PColgp\PColgp_VArrayNodeOfFieldOfHArray2OfXY_0.cxx" />
    <ClCompile Include="..\..\..\drv\PColgp\PColgp_VArrayTNodeOfFieldOfHArray1OfCirc2d_0.cxx" />
    <ClCompile Include="..\..\..\drv\PColgp\PColgp_VArrayTNodeOfFieldOfHArray1OfDir2d_0.cxx" />
    <ClCompile Include="..\..\..\drv\PColgp\PColgp_VArrayTNodeOfFieldOfHArray1OfDir_0.cxx" />
    <ClCompile Include="..\..\..\drv\PColgp\PColgp_VArrayTNodeOfFieldOfHArray1OfLin2d_0.cxx" />
    <ClCompile Include="..\..\..\drv\PColgp\PColgp_VArrayTNodeOfFieldOfHArray1OfPnt2d_0.cxx" />
    <ClCompile Include="..\..\..\drv\PColgp\PColgp_VArrayTNodeOfFieldOfHArray1OfPnt_0.cxx" />
    <ClCompile Include="..\..\..\drv\PColgp\PColgp_VArrayTNodeOfFieldOfHArray1OfVec2d_0.cxx" />
    <ClCompile Include="..\..\..\drv\PColgp\PColgp_VArrayTNodeOfFieldOfHArray1OfVec_0.cxx" />
    <ClCompile Include="..\..\..\drv\PColgp\PColgp_VArrayTNodeOfFieldOfHArray1OfXYZ_0.cxx" />
    <ClCompile Include="..\..\..\drv\PColgp\PColgp_VArrayTNodeOfFieldOfHArray1OfXY_0.cxx" />
    <ClCompile Include="..\..\..\drv\PColgp\PColgp_VArrayTNodeOfFieldOfHArray2OfCirc2d_0.cxx" />
    <ClCompile Include="..\..\..\drv\PColgp\PColgp_VArrayTNodeOfFieldOfHArray2OfDir2d_0.cxx" />
    <ClCompile Include="..\..\..\drv\PColgp\PColgp_VArrayTNodeOfFieldOfHArray2OfDir_0.cxx" />
    <ClCompile Include="..\..\..\drv\PColgp\PColgp_VArrayTNodeOfFieldOfHArray2OfLin2d_0.cxx" />
    <ClCompile Include="..\..\..\drv\PColgp\PColgp_VArrayTNodeOfFieldOfHArray2OfPnt2d_0.cxx" />
    <ClCompile Include="..\..\..\drv\PColgp\PColgp_VArrayTNodeOfFieldOfHArray2OfPnt_0.cxx" />
    <ClCompile Include="..\..\..\drv\PColgp\PColgp_VArrayTNodeOfFieldOfHArray2OfVec2d_0.cxx" />
    <ClCompile Include="..\..\..\drv\PColgp\PColgp_VArrayTNodeOfFieldOfHArray2OfVec_0.cxx" />
    <ClCompile Include="..\..\..\drv\PColgp\PColgp_VArrayTNodeOfFieldOfHArray2OfXYZ_0.cxx" />
    <ClCompile Include="..\..\..\drv\PColgp\PColgp_VArrayTNodeOfFieldOfHArray2OfXY_0.cxx" />
    <ClCompile Include="..\..\..\drv\PColPGeom2d\PColPGeom2d_FieldOfHArray1OfBezierCurve_0.cxx" />
    <ClCompile Include="..\..\..\drv\PColPGeom2d\PColPGeom2d_FieldOfHArray1OfBoundedCurve_0.cxx" />
    <ClCompile Include="..\..\..\drv\PColPGeom2d\PColPGeom2d_FieldOfHArray1OfBSplineCurve_0.cxx" />
    <ClCompile Include="..\..\..\drv\PColPGeom2d\PColPGeom2d_FieldOfHArray1OfCurve_0.cxx" />
    <ClCompile Include="..\..\..\drv\PColPGeom2d\PColPGeom2d_HArray1OfBezierCurve_0.cxx" />
    <ClCompile Include="..\..\..\drv\PColPGeom2d\PColPGeom2d_HArray1OfBoundedCurve_0.cxx" />
    <ClCompile Include="..\..\..\drv\PColPGeom2d\PColPGeom2d_HArray1OfBSplineCurve_0.cxx" />
    <ClCompile Include="..\..\..\drv\PColPGeom2d\PColPGeom2d_HArray1OfCurve_0.cxx" />
    <ClCompile Include="..\..\..\drv\PColPGeom2d\PColPGeom2d_VArrayNodeOfFieldOfHArray1OfBezierCurve_0.cxx" />
    <ClCompile Include="..\..\..\drv\PColPGeom2d\PColPGeom2d_VArrayNodeOfFieldOfHArray1OfBoundedCurve_0.cxx" />
    <ClCompile Include="..\..\..\drv\PColPGeom2d\PColPGeom2d_VArrayNodeOfFieldOfHArray1OfBSplineCurve_0.cxx" />
    <ClCompile Include="..\..\..\drv\PColPGeom2d\PColPGeom2d_VArrayNodeOfFieldOfHArray1OfCurve_0.cxx" />
    <ClCompile Include="..\..\..\drv\PColPGeom2d\PColPGeom2d_VArrayTNodeOfFieldOfHArray1OfBezierCurve_0.cxx" />
    <ClCompile Include="..\..\..\drv\PColPGeom2d\PColPGeom2d_VArrayTNodeOfFieldOfHArray1OfBoundedCurve_0.cxx" />
    <ClCompile Include="..\..\..\drv\PColPGeom2d\PColPGeom2d_VArrayTNodeOfFieldOfHArray1OfBSplineCurve_0.cxx" />
    <ClCompile Include="..\..\..\drv\PColPGeom2d\PColPGeom2d_VArrayTNodeOfFieldOfHArray1OfCurve_0.cxx" />
    <ClCompile Include="..\..\..\drv\PColPGeom\PColPGeom_FieldOfHArray1OfBezierCurve_0.cxx" />
    <ClCompile Include="..\..\..\drv\PColPGeom\PColPGeom_FieldOfHArray1OfBoundedCurve_0.cxx" />
    <ClCompile Include="..\..\..\drv\PColPGeom\PColPGeom_FieldOfHArray1OfBoundedSurface_0.cxx" />
    <ClCompile Include="..\..\..\drv\PColPGeom\PColPGeom_FieldOfHArray1OfBSplineCurve_0.cxx" />
    <ClCompile Include="..\..\..\drv\PColPGeom\PColPGeom_FieldOfHArray1OfCurve_0.cxx" />
    <ClCompile Include="..\..\..\drv\PColPGeom\PColPGeom_FieldOfHArray1OfSurface_0.cxx" />
    <ClCompile Include="..\..\..\drv\PColPGeom\PColPGeom_FieldOfHArray2OfBezierSurface_0.cxx" />
    <ClCompile Include="..\..\..\drv\PColPGeom\PColPGeom_FieldOfHArray2OfBoundedSurface_0.cxx" />
    <ClCompile Include="..\..\..\drv\PColPGeom\PColPGeom_FieldOfHArray2OfBSplineSurface_0.cxx" />
    <ClCompile Include="..\..\..\drv\PColPGeom\PColPGeom_FieldOfHArray2OfSurface_0.cxx" />
    <ClCompile Include="..\..\..\drv\PColPGeom\PColPGeom_HArray1OfBezierCurve_0.cxx" />
    <ClCompile Include="..\..\..\drv\PColPGeom\PColPGeom_HArray1OfBoundedCurve_0.cxx" />
    <ClCompile Include="..\..\..\drv\PColPGeom\PColPGeom_HArray1OfBoundedSurface_0.cxx" />
    <ClCompile Include="..\..\..\drv\PColPGeom\PColPGeom_HArray1OfBSplineCurve_0.cxx" />
    <ClCompile Include="..\..\..\drv\PColPGeom\PColPGeom_HArray1OfCurve_0.cxx" />
    <ClCompile Include="..\..\..\drv\PColPGeom\PColPGeom_HArray1OfSurface_0.cxx" />
    <ClCompile Include="..\..\..\drv\PColPGeom\PColPGeom_HArray2OfBezierSurface_0.cxx" />
    <ClCompile Include="..\..\..\drv\PColPGeom\PColPGeom_HArray2OfBoundedSurface_0.cxx" />
    <ClCompile Include="..\..\..\drv\PColPGeom\PColPGeom_HArray2OfBSplineSurface_0.cxx" />
    <ClCompile Include="..\..\..\drv\PColPGeom\PColPGeom_HArray2OfSurface_0.cxx" />
    <ClCompile Include="..\..\..\drv\PColPGeom\PColPGeom_VArrayNodeOfFieldOfHArray1OfBezierCurve_0.cxx" />
    <ClCompile Include="..\..\..\drv\PColPGeom\PColPGeom_VArrayNodeOfFieldOfHArray1OfBoundedCurve_0.cxx" />
    <ClCompile Include="..\..\..\drv\PColPGeom\PColPGeom_VArrayNodeOfFieldOfHArray1OfBoundedSurface_0.cxx" />
    <ClCompile Include="..\..\..\drv\PColPGeom\PColPGeom_VArrayNodeOfFieldOfHArray1OfBSplineCurve_0.cxx" />
    <ClCompile Include="..\..\..\drv\PColPGeom\PColPGeom_VArrayNodeOfFieldOfHArray1OfCurve_0.cxx" />
    <ClCompile Include="..\..\..\drv\PColPGeom\PColPGeom_VArrayNodeOfFieldOfHArray1OfSurface_0.cxx" />
    <ClCompile Include="..\..\..\drv\PColPGeom\PColPGeom_VArrayNodeOfFieldOfHArray2OfBezierSurface_0.cxx" />
    <ClCompile Include="..\..\..\drv\PColPGeom\PColPGeom_VArrayNodeOfFieldOfHArray2OfBoundedSurface_0.cxx" />
    <ClCompile Include="..\..\..\drv\PColPGeom\PColPGeom_VArrayNodeOfFieldOfHArray2OfBSplineSurface_0.cxx" />
    <ClCompile Include="..\..\..\drv\PColPGeom\PColPGeom_VArrayNodeOfFieldOfHArray2OfSurface_0.cxx" />
    <ClCompile Include="..\..\..\drv\PColPGeom\PColPGeom_VArrayTNodeOfFieldOfHArray1OfBezierCurve_0.cxx" />
    <ClCompile Include="..\..\..\drv\PColPGeom\PColPGeom_VArrayTNodeOfFieldOfHArray1OfBoundedCurve_0.cxx" />
    <ClCompile Include="..\..\..\drv\PColPGeom\PColPGeom_VArrayTNodeOfFieldOfHArray1OfBoundedSurface_0.cxx" />
    <ClCompile Include="..\..\..\drv\PColPGeom\PColPGeom_VArrayTNodeOfFieldOfHArray1OfBSplineCurve_0.cxx" />
    <ClCompile Include="..\..\..\drv\PColPGeom\PColPGeom_VArrayTNodeOfFieldOfHArray1OfCurve_0.cxx" />
    <ClCompile Include="..\..\..\drv\PColPGeom\PColPGeom_VArrayTNodeOfFieldOfHArray1OfSurface_0.cxx" />
    <ClCompile Include="..\..\..\drv\PColPGeom\PColPGeom_VArrayTNodeOfFieldOfHArray2OfBezierSurface_0.cxx" />
    <ClCompile Include="..\..\..\drv\PColPGeom\PColPGeom_VArrayTNodeOfFieldOfHArray2OfBoundedSurface_0.cxx" />
    <ClCompile Include="..\..\..\drv\PColPGeom\PColPGeom_VArrayTNodeOfFieldOfHArray2OfBSplineSurface_0.cxx" />
    <ClCompile Include="..\..\..\drv\PColPGeom\PColPGeom_VArrayTNodeOfFieldOfHArray2OfSurface_0.cxx" />
    <ClCompile Include="..\..\..\drv\PPoly\PPoly_FieldOfHArray1OfTriangle_0.cxx" />
    <ClCompile Include="..\..\..\drv\PPoly\PPoly_HArray1OfTriangle_0.cxx" />
    <ClCompile Include="..\..\..\drv\PPoly\PPoly_VArrayNodeOfFieldOfHArray1OfTriangle_0.cxx" />
    <ClCompile Include="..\..\..\drv\PPoly\PPoly_VArrayTNodeOfFieldOfHArray1OfTriangle_0.cxx" />
    <ClCompile Include="..\..\..\drv\PTopoDS\PTopoDS_FieldOfHArray1OfHShape_0.cxx" />
    <ClCompile Include="..\..\..\drv\PTopoDS\PTopoDS_FieldOfHArray1OfShape1_0.cxx" />
    <ClCompile Include="..\..\..\drv\PTopoDS\PTopoDS_HArray1OfHShape_0.cxx" />
    <ClCompile Include="..\..\..\drv\PTopoDS\PTopoDS_HArray1OfShape1_0.cxx" />
    <ClCompile Include="..\..\..\drv\PTopoDS\PTopoDS_VArrayNodeOfFieldOfHArray1OfHShape_0.cxx" />
    <ClCompile Include="..\..\..\drv\PTopoDS\PTopoDS_VArrayNodeOfFieldOfHArray1OfShape1_0.cxx" />
    <ClCompile Include="..\..\..\drv\PTopoDS\PTopoDS_VArrayTNodeOfFieldOfHArray1OfHShape_0.cxx" />
    <ClCompile Include="..\..\..\drv\PTopoDS\PTopoDS_VArrayTNodeOfFieldOfHArray1OfShape1_0.cxx" />
    <ClCompile Include="..\..\..\src\MgtBRep\MgtBRep.cxx" />
    <ClCompile Include="..\..\..\src\MgtBRep\MgtBRep_TranslateTool.cxx" />
    <ClCompile Include="..\..\..\src\MgtBRep\MgtBRep_TranslateTool1.cxx" />
    <ClCompile Include="..\..\..\src\MgtGeom2d\MgtGeom2d.cxx" />
    <ClCompile Include="..\..\..\src\MgtGeom\MgtGeom.cxx" />
    <ClCompile Include="..\..\..\src\MgtPoly\MgtPoly.cxx" />
    <ClCompile Include="..\..\..\src\MgtTopLoc\MgtTopLoc.cxx" />
    <ClCompile Include="..\..\..\src\MgtTopoDS\MgtTopoDS.cxx" />
    <ClCompile Include="..\..\..\src\MgtTopoDS\MgtTopoDS_TranslateTool.cxx" />
    <ClCompile Include="..\..\..\src\MgtTopoDS\MgtTopoDS_TranslateTool1.cxx" />
    <ClCompile Include="..\..\..\src\PBRep\PBRep_Curve3D.cxx" />
    <ClCompile Include="..\..\..\src\PBRep\PBRep_CurveOn2Surfaces.cxx" />
    <ClCompile Include="..\..\..\src\PBRep\PBRep_CurveOnClosedSurface.cxx" />
    <ClCompile Include="..\..\..\src\PBRep\PBRep_CurveOnSurface.cxx" />
    <ClCompile Include="..\..\..\src\PBRep\PBRep_CurveRepresentation.cxx" />
    <ClCompile Include="..\..\..\src\PBRep\PBRep_GCurve.cxx" />
    <ClCompile Include="..\..\..\src\PBRep\PBRep_PointOnCurve.cxx" />
    <ClCompile Include="..\..\..\src\PBRep\PBRep_PointOnCurveOnSurface.cxx" />
    <ClCompile Include="..\..\..\src\PBRep\PBRep_PointOnSurface.cxx" />
    <ClCompile Include="..\..\..\src\PBRep\PBRep_PointRepresentation.cxx" />
    <ClCompile Include="..\..\..\src\PBRep\PBRep_PointsOnSurface.cxx" />
    <ClCompile Include="..\..\..\src\PBRep\PBRep_Polygon3D.cxx" />
    <ClCompile Include="..\..\..\src\PBRep\PBRep_PolygonOnClosedSurface.cxx" />
    <ClCompile Include="..\..\..\src\PBRep\PBRep_PolygonOnClosedTriangulation.cxx" />
    <ClCompile Include="..\..\..\src\PBRep\PBRep_PolygonOnSurface.cxx" />
    <ClCompile Include="..\..\..\src\PBRep\PBRep_PolygonOnTriangulation.cxx" />
    <ClCompile Include="..\..\..\src\PBRep\PBRep_TEdge.cxx" />
    <ClCompile Include="..\..\..\src\PBRep\PBRep_TEdge1.cxx" />
    <ClCompile Include="..\..\..\src\PBRep\PBRep_TFace.cxx" />
    <ClCompile Include="..\..\..\src\PBRep\PBRep_TFace1.cxx" />
    <ClCompile Include="..\..\..\src\PBRep\PBRep_TVertex.cxx" />
    <ClCompile Include="..\..\..\src\PBRep\PBRep_TVertex1.cxx" />
    <ClCompile Include="..\..\..\src\PGeom2d\PGeom2d_AxisPlacement.cxx" />
    <ClCompile Include="..\..\..\src\PGeom2d\PGeom2d_BezierCurve.cxx" />
    <ClCompile Include="..\..\..\src\PGeom2d\PGeom2d_BoundedCurve.cxx" />
    <ClCompile Include="..\..\..\src\PGeom2d\PGeom2d_BSplineCurve.cxx" />
    <ClCompile Include="..\..\..\src\PGeom2d\PGeom2d_CartesianPoint.cxx" />
    <ClCompile Include="..\..\..\src\PGeom2d\PGeom2d_Circle.cxx" />
    <ClCompile Include="..\..\..\src\PGeom2d\PGeom2d_Conic.cxx" />
    <ClCompile Include="..\..\..\src\PGeom2d\PGeom2d_Curve.cxx" />
    <ClCompile Include="..\..\..\src\PGeom2d\PGeom2d_Direction.cxx" />
    <ClCompile Include="..\..\..\src\PGeom2d\PGeom2d_Ellipse.cxx" />
    <ClCompile Include="..\..\..\src\PGeom2d\PGeom2d_Geometry.cxx" />
    <ClCompile Include="..\..\..\src\PGeom2d\PGeom2d_Hyperbola.cxx" />
    <ClCompile Include="..\..\..\src\PGeom2d\PGeom2d_Line.cxx" />
    <ClCompile Include="..\..\..\src\PGeom2d\PGeom2d_OffsetCurve.cxx" />
    <ClCompile Include="..\..\..\src\PGeom2d\PGeom2d_Parabola.cxx" />
    <ClCompile Include="..\..\..\src\PGeom2d\PGeom2d_Point.cxx" />
    <ClCompile Include="..\..\..\src\PGeom2d\PGeom2d_Transformation.cxx" />
    <ClCompile Include="..\..\..\src\PGeom2d\PGeom2d_TrimmedCurve.cxx" />
    <ClCompile Include="..\..\..\src\PGeom2d\PGeom2d_Vector.cxx" />
    <ClCompile Include="..\..\..\src\PGeom2d\PGeom2d_VectorWithMagnitude.cxx" />
    <ClCompile Include="..\..\..\src\PGeom\PGeom_Axis1Placement.cxx" />
    <ClCompile Include="..\..\..\src\PGeom\PGeom_Axis2Placement.cxx" />
    <ClCompile Include="..\..\..\src\PGeom\PGeom_AxisPlacement.cxx" />
    <ClCompile Include="..\..\..\src\PGeom\PGeom_BezierCurve.cxx" />
    <ClCompile Include="..\..\..\src\PGeom\PGeom_BezierSurface.cxx" />
    <ClCompile Include="..\..\..\src\PGeom\PGeom_BoundedCurve.cxx" />
    <ClCompile Include="..\..\..\src\PGeom\PGeom_BoundedSurface.cxx" />
    <ClCompile Include="..\..\..\src\PGeom\PGeom_BSplineCurve.cxx" />
    <ClCompile Include="..\..\..\src\PGeom\PGeom_BSplineSurface.cxx" />
    <ClCompile Include="..\..\..\src\PGeom\PGeom_CartesianPoint.cxx" />
    <ClCompile Include="..\..\..\src\PGeom\PGeom_Circle.cxx" />
    <ClCompile Include="..\..\..\src\PGeom\PGeom_Conic.cxx" />
    <ClCompile Include="..\..\..\src\PGeom\PGeom_ConicalSurface.cxx" />
    <ClCompile Include="..\..\..\src\PGeom\PGeom_Curve.cxx" />
    <ClCompile Include="..\..\..\src\PGeom\PGeom_CylindricalSurface.cxx" />
    <ClCompile Include="..\..\..\src\PGeom\PGeom_Direction.cxx" />
    <ClCompile Include="..\..\..\src\PGeom\PGeom_ElementarySurface.cxx" />
    <ClCompile Include="..\..\..\src\PGeom\PGeom_Ellipse.cxx" />
    <ClCompile Include="..\..\..\src\PGeom\PGeom_Geometry.cxx" />
    <ClCompile Include="..\..\..\src\PGeom\PGeom_Hyperbola.cxx" />
    <ClCompile Include="..\..\..\src\PGeom\PGeom_Line.cxx" />
    <ClCompile Include="..\..\..\src\PGeom\PGeom_OffsetCurve.cxx" />
    <ClCompile Include="..\..\..\src\PGeom\PGeom_OffsetSurface.cxx" />
    <ClCompile Include="..\..\..\src\PGeom\PGeom_Parabola.cxx" />
    <ClCompile Include="..\..\..\src\PGeom\PGeom_Plane.cxx" />
    <ClCompile Include="..\..\..\src\PGeom\PGeom_Point.cxx" />
    <ClCompile Include="..\..\..\src\PGeom\PGeom_RectangularTrimmedSurface.cxx" />
    <ClCompile Include="..\..\..\src\PGeom\PGeom_SphericalSurface.cxx" />
    <ClCompile Include="..\..\..\src\PGeom\PGeom_Surface.cxx" />
    <ClCompile Include="..\..\..\src\PGeom\PGeom_SurfaceOfLinearExtrusion.cxx" />
    <ClCompile Include="..\..\..\src\PGeom\PGeom_SurfaceOfRevolution.cxx" />
    <ClCompile Include="..\..\..\src\PGeom\PGeom_SweptSurface.cxx" />
    <ClCompile Include="..\..\..\src\PGeom\PGeom_ToroidalSurface.cxx" />
    <ClCompile Include="..\..\..\src\PGeom\PGeom_Transformation.cxx" />
    <ClCompile Include="..\..\..\src\PGeom\PGeom_TrimmedCurve.cxx" />
    <ClCompile Include="..\..\..\src\PGeom\PGeom_Vector.cxx" />
    <ClCompile Include="..\..\..\src\PGeom\PGeom_VectorWithMagnitude.cxx" />
    <ClCompile Include="..\..\..\src\PPoly\PPoly_Polygon2D.cxx" />
    <ClCompile Include="..\..\..\src\PPoly\PPoly_Polygon3D.cxx" />
    <ClCompile Include="..\..\..\src\PPoly\PPoly_PolygonOnTriangulation.cxx" />
    <ClCompile Include="..\..\..\src\PPoly\PPoly_Triangle.cxx" />
    <ClCompile Include="..\..\..\src\PPoly\PPoly_Triangulation.cxx" />
    <ClCompile Include="..\..\..\src\PTopLoc\PTopLoc_Datum3D.cxx" />
    <ClCompile Include="..\..\..\src\PTopLoc\PTopLoc_ItemLocation.cxx" />
    <ClCompile Include="..\..\..\src\PTopLoc\PTopLoc_Location.cxx" />
    <ClCompile Include="..\..\..\src\PTopoDS\PTopoDS_Compound.cxx" />
    <ClCompile Include="..\..\..\src\PTopoDS\PTopoDS_CompSolid.cxx" />
    <ClCompile Include="..\..\..\src\PTopoDS\PTopoDS_Edge.cxx" />
    <ClCompile Include="..\..\..\src\PTopoDS\PTopoDS_Face.cxx" />
    <ClCompile Include="..\..\..\src\PTopoDS\PTopoDS_HShape.cxx" />
    <ClCompile Include="..\..\..\src\PTopoDS\PTopoDS_Shape1.cxx" />
    <ClCompile Include="..\..\..\src\PTopoDS\PTopoDS_Shell.cxx" />
    <ClCompile Include="..\..\..\src\PTopoDS\PTopoDS_Solid.cxx" />
    <ClCompile Include="..\..\..\src\PTopoDS\PTopoDS_TCompound.cxx" />
    <ClCompile Include="..\..\..\src\PTopoDS\PTopoDS_TCompound1.cxx" />
    <ClCompile Include="..\..\..\src\PTopoDS\PTopoDS_TCompSolid.cxx" />
    <ClCompile Include="..\..\..\src\PTopoDS\PTopoDS_TCompSolid1.cxx" />
    <ClCompile Include="..\..\..\src\PTopoDS\PTopoDS_TEdge.cxx" />
    <ClCompile Include="..\..\..\src\PTopoDS\PTopoDS_TEdge1.cxx" />
    <ClCompile Include="..\..\..\src\PTopoDS\PTopoDS_TFace.cxx" />
    <ClCompile Include="..\..\..\src\PTopoDS\PTopoDS_TFace1.cxx" />
    <ClCompile Include="..\..\..\src\PTopoDS\PTopoDS_TShape.cxx" />
    <ClCompile Include="..\..\..\src\PTopoDS\PTopoDS_TShape1.cxx" />
    <ClCompile Include="..\..\..\src\PTopoDS\PTopoDS_TShell.cxx" />
    <ClCompile Include="..\..\..\src\PTopoDS\PTopoDS_TShell1.cxx" />
    <ClCompile Include="..\..\..\src\PTopoDS\PTopoDS_TSolid.cxx" />
    <ClCompile Include="..\..\..\src\PTopoDS\PTopoDS_TSolid1.cxx" />
    <ClCompile Include="..\..\..\src\PTopoDS\PTopoDS_TVertex.cxx" />
    <ClCompile Include="..\..\..\src\PTopoDS\PTopoDS_TVertex1.cxx" />
    <ClCompile Include="..\..\..\src\PTopoDS\PTopoDS_TWire.cxx" />
    <ClCompile Include="..\..\..\src\PTopoDS\PTopoDS_TWire1.cxx" />
    <ClCompile Include="..\..\..\src\PTopoDS\PTopoDS_Vertex.cxx" />
    <ClCompile Include="..\..\..\src\PTopoDS\PTopoDS_Wire.cxx" />
  </ItemGroup>
</Project>