<?xml version="1.0" encoding="utf-8"?>
<Project ToolsVersion="4.0" xmlns="http://schemas.microsoft.com/developer/msbuild/2003">
  <ItemGroup>
    <ClCompile Include="..\..\..\drv\PXCAFDoc\PXCAFDoc_GraphNodeSequence_0.cxx" />
    <ClCompile Include="..\..\..\drv\PXCAFDoc\PXCAFDoc_SeqExplorerOfGraphNodeSequence_0.cxx" />
    <ClCompile Include="..\..\..\drv\PXCAFDoc\PXCAFDoc_SeqNodeOfGraphNodeSequence_0.cxx" />
    <ClCompile Include="..\..\..\drv\XCAFSchema\XCAFSchema.cxx" />
    <ClCompile Include="..\..\..\drv\XCAFSchema\XCAFSchema_DBC_VArrayOfCharacter.cxx" />
    <ClCompile Include="..\..\..\drv\XCAFSchema\XCAFSchema_DBC_VArrayOfExtCharacter.cxx" />
    <ClCompile Include="..\..\..\drv\XCAFSchema\XCAFSchema_gp_Ax1.cxx" />
    <ClCompile Include="..\..\..\drv\XCAFSchema\XCAFSchema_gp_Ax2.cxx" />
    <ClCompile Include="..\..\..\drv\XCAFSchema\XCAFSchema_gp_Ax2d.cxx" />
    <ClCompile Include="..\..\..\drv\XCAFSchema\XCAFSchema_gp_Ax3.cxx" />
    <ClCompile Include="..\..\..\drv\XCAFSchema\XCAFSchema_gp_Dir.cxx" />
    <ClCompile Include="..\..\..\drv\XCAFSchema\XCAFSchema_gp_Dir2d.cxx" />
    <ClCompile Include="..\..\..\drv\XCAFSchema\XCAFSchema_gp_Mat.cxx" />
    <ClCompile Include="..\..\..\drv\XCAFSchema\XCAFSchema_gp_Mat2d.cxx" />
    <ClCompile Include="..\..\..\drv\XCAFSchema\XCAFSchema_gp_Pnt.cxx" />
    <ClCompile Include="..\..\..\drv\XCAFSchema\XCAFSchema_gp_Pnt2d.cxx" />
    <ClCompile Include="..\..\..\drv\XCAFSchema\XCAFSchema_gp_Trsf.cxx" />
    <ClCompile Include="..\..\..\drv\XCAFSchema\XCAFSchema_gp_Trsf2d.cxx" />
    <ClCompile Include="..\..\..\drv\XCAFSchema\XCAFSchema_gp_Vec.cxx" />
    <ClCompile Include="..\..\..\drv\XCAFSchema\XCAFSchema_gp_Vec2d.cxx" />
    <ClCompile Include="..\..\..\drv\XCAFSchema\XCAFSchema_gp_XY.cxx" />
    <ClCompile Include="..\..\..\drv\XCAFSchema\XCAFSchema_gp_XYZ.cxx" />
    <ClCompile Include="..\..\..\drv\XCAFSchema\XCAFSchema_PCollection_HAsciiString.cxx" />
    <ClCompile Include="..\..\..\drv\XCAFSchema\XCAFSchema_PCollection_HExtendedString.cxx" />
    <ClCompile Include="..\..\..\drv\XCAFSchema\XCAFSchema_PColStd_FieldOfHArray1OfReal.cxx" />
    <ClCompile Include="..\..\..\drv\XCAFSchema\XCAFSchema_PColStd_HArray1OfReal.cxx" />
    <ClCompile Include="..\..\..\drv\XCAFSchema\XCAFSchema_PDF_Attribute.cxx" />
    <ClCompile Include="..\..\..\drv\XCAFSchema\XCAFSchema_PMMgt_PManaged.cxx" />
    <ClCompile Include="..\..\..\drv\XCAFSchema\XCAFSchema_PTopLoc_Datum3D.cxx" />
    <ClCompile Include="..\..\..\drv\XCAFSchema\XCAFSchema_PTopLoc_ItemLocation.cxx" />
    <ClCompile Include="..\..\..\drv\XCAFSchema\XCAFSchema_PTopLoc_Location.cxx" />
    <ClCompile Include="..\..\..\drv\XCAFSchema\XCAFSchema_PXCAFDoc_Area.cxx" />
    <ClCompile Include="..\..\..\drv\XCAFSchema\XCAFSchema_PXCAFDoc_Centroid.cxx" />
    <ClCompile Include="..\..\..\drv\XCAFSchema\XCAFSchema_PXCAFDoc_Color.cxx" />
    <ClCompile Include="..\..\..\drv\XCAFSchema\XCAFSchema_PXCAFDoc_ColorTool.cxx" />
    <ClCompile Include="..\..\..\drv\XCAFSchema\XCAFSchema_PXCAFDoc_Datum.cxx" />
    <ClCompile Include="..\..\..\drv\XCAFSchema\XCAFSchema_PXCAFDoc_DimTol.cxx" />
    <ClCompile Include="..\..\..\drv\XCAFSchema\XCAFSchema_PXCAFDoc_DimTolTool.cxx" />
    <ClCompile Include="..\..\..\drv\XCAFSchema\XCAFSchema_PXCAFDoc_DocumentTool.cxx" />
    <ClCompile Include="..\..\..\drv\XCAFSchema\XCAFSchema_PXCAFDoc_GraphNode.cxx" />
    <ClCompile Include="..\..\..\drv\XCAFSchema\XCAFSchema_PXCAFDoc_GraphNodeSequence.cxx" />
    <ClCompile Include="..\..\..\drv\XCAFSchema\XCAFSchema_PXCAFDoc_LayerTool.cxx" />
    <ClCompile Include="..\..\..\drv\XCAFSchema\XCAFSchema_PXCAFDoc_Location.cxx" />
    <ClCompile Include="..\..\..\drv\XCAFSchema\XCAFSchema_PXCAFDoc_Material.cxx" />
    <ClCompile Include="..\..\..\drv\XCAFSchema\XCAFSchema_PXCAFDoc_MaterialTool.cxx" />
    <ClCompile Include="..\..\..\drv\XCAFSchema\XCAFSchema_PXCAFDoc_SeqNodeOfGraphNodeSequence.cxx" />
    <ClCompile Include="..\..\..\drv\XCAFSchema\XCAFSchema_PXCAFDoc_ShapeTool.cxx" />
    <ClCompile Include="..\..\..\drv\XCAFSchema\XCAFSchema_PXCAFDoc_Volume.cxx" />
    <ClCompile Include="..\..\..\drv\XCAFSchema\XCAFSchema_Quantity_Color.cxx" />
    <ClCompile Include="..\..\..\drv\XCAFSchema\XCAFSchema_Standard_GUID.cxx" />
    <ClCompile Include="..\..\..\drv\XCAFSchema\XCAFSchema_Standard_Persistent.cxx" />
    <ClCompile Include="..\..\..\drv\XCAFSchema\XCAFSchema_Standard_Storable.cxx" />
    <ClCompile Include="..\..\..\src\MXCAFDoc\MXCAFDoc.cxx" />
    <ClCompile Include="..\..\..\src\MXCAFDoc\MXCAFDoc_AreaRetrievalDriver.cxx" />
    <ClCompile Include="..\..\..\src\MXCAFDoc\MXCAFDoc_AreaStorageDriver.cxx" />
    <ClCompile Include="..\..\..\src\MXCAFDoc\MXCAFDoc_CentroidRetrievalDriver.cxx" />
    <ClCompile Include="..\..\..\src\MXCAFDoc\MXCAFDoc_CentroidStorageDriver.cxx" />
    <ClCompile Include="..\..\..\src\MXCAFDoc\MXCAFDoc_ColorRetrievalDriver.cxx" />
    <ClCompile Include="..\..\..\src\MXCAFDoc\MXCAFDoc_ColorStorageDriver.cxx" />
    <ClCompile Include="..\..\..\src\MXCAFDoc\MXCAFDoc_ColorToolRetrievalDriver.cxx" />
    <ClCompile Include="..\..\..\src\MXCAFDoc\MXCAFDoc_ColorToolStorageDriver.cxx" />
    <ClCompile Include="..\..\..\src\MXCAFDoc\MXCAFDoc_DatumRetrievalDriver.cxx" />
    <ClCompile Include="..\..\..\src\MXCAFDoc\MXCAFDoc_DatumStorageDriver.cxx" />
    <ClCompile Include="..\..\..\src\MXCAFDoc\MXCAFDoc_DimTolRetrievalDriver.cxx" />
    <ClCompile Include="..\..\..\src\MXCAFDoc\MXCAFDoc_DimTolStorageDriver.cxx" />
    <ClCompile Include="..\..\..\src\MXCAFDoc\MXCAFDoc_DimTolToolRetrievalDriver.cxx" />
    <ClCompile Include="..\..\..\src\MXCAFDoc\MXCAFDoc_DimTolToolStorageDriver.cxx" />
    <ClCompile Include="..\..\..\src\MXCAFDoc\MXCAFDoc_DocumentToolRetrievalDriver.cxx" />
    <ClCompile Include="..\..\..\src\MXCAFDoc\MXCAFDoc_DocumentToolStorageDriver.cxx" />
    <ClCompile Include="..\..\..\src\MXCAFDoc\MXCAFDoc_GraphNodeRetrievalDriver.cxx" />
    <ClCompile Include="..\..\..\src\MXCAFDoc\MXCAFDoc_GraphNodeStorageDriver.cxx" />
    <ClCompile Include="..\..\..\src\MXCAFDoc\MXCAFDoc_LayerToolRetrievalDriver.cxx" />
    <ClCompile Include="..\..\..\src\MXCAFDoc\MXCAFDoc_LayerToolStorageDriver.cxx" />
    <ClCompile Include="..\..\..\src\MXCAFDoc\MXCAFDoc_LocationRetrievalDriver.cxx" />
    <ClCompile Include="..\..\..\src\MXCAFDoc\MXCAFDoc_LocationStorageDriver.cxx" />
    <ClCompile Include="..\..\..\src\MXCAFDoc\MXCAFDoc_MaterialRetrievalDriver.cxx" />
    <ClCompile Include="..\..\..\src\MXCAFDoc\MXCAFDoc_MaterialStorageDriver.cxx" />
    <ClCompile Include="..\..\..\src\MXCAFDoc\MXCAFDoc_MaterialToolRetrievalDriver.cxx" />
    <ClCompile Include="..\..\..\src\MXCAFDoc\MXCAFDoc_MaterialToolStorageDriver.cxx" />
    <ClCompile Include="..\..\..\src\MXCAFDoc\MXCAFDoc_ShapeToolRetrievalDriver.cxx" />
    <ClCompile Include="..\..\..\src\MXCAFDoc\MXCAFDoc_ShapeToolStorageDriver.cxx" />
    <ClCompile Include="..\..\..\src\MXCAFDoc\MXCAFDoc_VolumeRetrievalDriver.cxx" />
    <ClCompile Include="..\..\..\src\MXCAFDoc\MXCAFDoc_VolumeStorageDriver.cxx" />
    <ClCompile Include="..\..\..\src\PXCAFDoc\PXCAFDoc_Area.cxx" />
    <ClCompile Include="..\..\..\src\PXCAFDoc\PXCAFDoc_Centroid.cxx" />
    <ClCompile Include="..\..\..\src\PXCAFDoc\PXCAFDoc_Color.cxx" />
    <ClCompile Include="..\..\..\src\PXCAFDoc\PXCAFDoc_ColorTool.cxx" />
    <ClCompile Include="..\..\..\src\PXCAFDoc\PXCAFDoc_Datum.cxx" />
    <ClCompile Include="..\..\..\src\PXCAFDoc\PXCAFDoc_DimTol.cxx" />
    <ClCompile Include="..\..\..\src\PXCAFDoc\PXCAFDoc_DimTolTool.cxx" />
    <ClCompile Include="..\..\..\src\PXCAFDoc\PXCAFDoc_DocumentTool.cxx" />
    <ClCompile Include="..\..\..\src\PXCAFDoc\PXCAFDoc_GraphNode.cxx" />
    <ClCompile Include="..\..\..\src\PXCAFDoc\PXCAFDoc_LayerTool.cxx" />
    <ClCompile Include="..\..\..\src\PXCAFDoc\PXCAFDoc_Location.cxx" />
    <ClCompile Include="..\..\..\src\PXCAFDoc\PXCAFDoc_Material.cxx" />
    <ClCompile Include="..\..\..\src\PXCAFDoc\PXCAFDoc_MaterialTool.cxx" />
    <ClCompile Include="..\..\..\src\PXCAFDoc\PXCAFDoc_ShapeTool.cxx" />
    <ClCompile Include="..\..\..\src\PXCAFDoc\PXCAFDoc_Volume.cxx" />
    <ClCompile Include="..\..\..\src\XCAFDrivers\XCAFDrivers.cxx" />
    <ClCompile Include="..\..\..\src\XCAFDrivers\XCAFDrivers_DocumentRetrievalDriver.cxx" />
    <ClCompile Include="..\..\..\src\XCAFDrivers\XCAFDrivers_DocumentStorageDriver.cxx" />
  </ItemGroup>
</Project>