<?xml version="1.0" encoding="utf-8"?>
<Project ToolsVersion="4.0" xmlns="http://schemas.microsoft.com/developer/msbuild/2003">
  <ItemGroup>
    <ClCompile Include="..\..\..\drv\Dynamic\Dynamic_ParameterNode_0.cxx" />
    <ClCompile Include="..\..\..\drv\Dynamic\Dynamic_SeqOfClasses_0.cxx" />
    <ClCompile Include="..\..\..\drv\Dynamic\Dynamic_SeqOfFuzzyDefinitions_0.cxx" />
    <ClCompile Include="..\..\..\drv\Dynamic\Dynamic_SeqOfMethodDefinitions_0.cxx" />
    <ClCompile Include="..\..\..\drv\Dynamic\Dynamic_SeqOfMethods_0.cxx" />
    <ClCompile Include="..\..\..\drv\Dynamic\Dynamic_SequenceNodeOfSeqOfClasses_0.cxx" />
    <ClCompile Include="..\..\..\drv\Dynamic\Dynamic_SequenceNodeOfSeqOfFuzzyDefinitions_0.cxx" />
    <ClCompile Include="..\..\..\drv\Dynamic\Dynamic_SequenceNodeOfSeqOfMethodDefinitions_0.cxx" />
    <ClCompile Include="..\..\..\drv\Dynamic\Dynamic_SequenceNodeOfSeqOfMethods_0.cxx" />
    <ClCompile Include="..\..\..\drv\Dynamic\Dynamic_SequenceOfClasses_0.cxx" />
    <ClCompile Include="..\..\..\drv\Dynamic\Dynamic_SequenceOfFuzzyDefinitions_0.cxx" />
    <ClCompile Include="..\..\..\drv\Dynamic\Dynamic_SequenceOfMethodDefinitions_0.cxx" />
    <ClCompile Include="..\..\..\drv\Dynamic\Dynamic_SequenceOfMethods_0.cxx" />
    <ClCompile Include="..\..\..\drv\Dynamic\Dynamic_VariableNode_0.cxx" />
    <ClCompile Include="..\..\..\drv\ExprIntrp\ExprIntrp.tab.c" />
    <ClCompile Include="..\..\..\drv\ExprIntrp\ExprIntrp_SequenceNodeOfSequenceOfNamedExpression_0.cxx" />
    <ClCompile Include="..\..\..\drv\ExprIntrp\ExprIntrp_SequenceNodeOfSequenceOfNamedFunction_0.cxx" />
    <ClCompile Include="..\..\..\drv\ExprIntrp\ExprIntrp_SequenceOfNamedExpression_0.cxx" />
    <ClCompile Include="..\..\..\drv\ExprIntrp\ExprIntrp_SequenceOfNamedFunction_0.cxx" />
    <ClCompile Include="..\..\..\drv\ExprIntrp\ExprIntrp_StackIteratorOfStackOfGeneralExpression_0.cxx" />
    <ClCompile Include="..\..\..\drv\ExprIntrp\ExprIntrp_StackIteratorOfStackOfGeneralFunction_0.cxx" />
    <ClCompile Include="..\..\..\drv\ExprIntrp\ExprIntrp_StackIteratorOfStackOfGeneralRelation_0.cxx" />
    <ClCompile Include="..\..\..\drv\ExprIntrp\ExprIntrp_StackIteratorOfStackOfNames_0.cxx" />
    <ClCompile Include="..\..\..\drv\ExprIntrp\ExprIntrp_StackNodeOfStackOfGeneralExpression_0.cxx" />
    <ClCompile Include="..\..\..\drv\ExprIntrp\ExprIntrp_StackNodeOfStackOfGeneralFunction_0.cxx" />
    <ClCompile Include="..\..\..\drv\ExprIntrp\ExprIntrp_StackNodeOfStackOfGeneralRelation_0.cxx" />
    <ClCompile Include="..\..\..\drv\ExprIntrp\ExprIntrp_StackNodeOfStackOfNames_0.cxx" />
    <ClCompile Include="..\..\..\drv\ExprIntrp\ExprIntrp_StackOfGeneralExpression_0.cxx" />
    <ClCompile Include="..\..\..\drv\ExprIntrp\ExprIntrp_StackOfGeneralFunction_0.cxx" />
    <ClCompile Include="..\..\..\drv\ExprIntrp\ExprIntrp_StackOfGeneralRelation_0.cxx" />
    <ClCompile Include="..\..\..\drv\ExprIntrp\ExprIntrp_StackOfNames_0.cxx" />
    <ClCompile Include="..\..\..\drv\ExprIntrp\ExprIntrp_SyntaxError_0.cxx" />
    <ClCompile Include="..\..\..\drv\ExprIntrp\lex.ExprIntrp.c" />
    <ClCompile Include="..\..\..\drv\Expr\Expr_Array1OfGeneralExpression_0.cxx" />
    <ClCompile Include="..\..\..\drv\Expr\Expr_Array1OfNamedUnknown_0.cxx" />
    <ClCompile Include="..\..\..\drv\Expr\Expr_Array1OfSingleRelation_0.cxx" />
    <ClCompile Include="..\..\..\drv\Expr\Expr_ExprFailure_0.cxx" />
    <ClCompile Include="..\..\..\drv\Expr\Expr_IndexedMapNodeOfMapOfNamedUnknown_0.cxx" />
    <ClCompile Include="..\..\..\drv\Expr\Expr_InvalidAssignment_0.cxx" />
    <ClCompile Include="..\..\..\drv\Expr\Expr_InvalidFunction_0.cxx" />
    <ClCompile Include="..\..\..\drv\Expr\Expr_InvalidOperand_0.cxx" />
    <ClCompile Include="..\..\..\drv\Expr\Expr_MapOfNamedUnknown_0.cxx" />
    <ClCompile Include="..\..\..\drv\Expr\Expr_NotAssigned_0.cxx" />
    <ClCompile Include="..\..\..\drv\Expr\Expr_NotEvaluable_0.cxx" />
    <ClCompile Include="..\..\..\drv\Expr\Expr_SequenceNodeOfSequenceOfGeneralExpression_0.cxx" />
    <ClCompile Include="..\..\..\drv\Expr\Expr_SequenceNodeOfSequenceOfGeneralRelation_0.cxx" />
    <ClCompile Include="..\..\..\drv\Expr\Expr_SequenceOfGeneralExpression_0.cxx" />
    <ClCompile Include="..\..\..\drv\Expr\Expr_SequenceOfGeneralRelation_0.cxx" />
    <ClCompile Include="..\..\..\drv\GraphDS\GraphDS_DataMapIteratorOfEntityRoleMap_0.cxx" />
    <ClCompile Include="..\..\..\drv\GraphDS\GraphDS_DataMapNodeOfEntityRoleMap_0.cxx" />
    <ClCompile Include="..\..\..\drv\GraphDS\GraphDS_EntityRoleMap_0.cxx" />
    <ClCompile Include="..\..\..\drv\GraphTools\GraphTools_ListIteratorOfListOfSequenceOfInteger_0.cxx" />
    <ClCompile Include="..\..\..\drv\GraphTools\GraphTools_ListIteratorOfSCList_0.cxx" />
    <ClCompile Include="..\..\..\drv\GraphTools\GraphTools_ListNodeOfListOfSequenceOfInteger_0.cxx" />
    <ClCompile Include="..\..\..\drv\GraphTools\GraphTools_ListNodeOfSCList_0.cxx" />
    <ClCompile Include="..\..\..\drv\GraphTools\GraphTools_ListOfSequenceOfInteger_0.cxx" />
    <ClCompile Include="..\..\..\drv\GraphTools\GraphTools_SCList_0.cxx" />
    <ClCompile Include="..\..\..\drv\Materials\Materials_FuzzyInstance_0.cxx" />
    <ClCompile Include="..\..\..\drv\Materials\Materials_MaterialsSequence_0.cxx" />
    <ClCompile Include="..\..\..\drv\Materials\Materials_MtsSequence_0.cxx" />
    <ClCompile Include="..\..\..\drv\Materials\Materials_SequenceNodeOfMtsSequence_0.cxx" />
    <ClCompile Include="..\..\..\src\Dynamic\Dynamic.cxx" />
    <ClCompile Include="..\..\..\src\Dynamic\Dynamic_AbstractVariableInstance.cxx" />
    <ClCompile Include="..\..\..\src\Dynamic\Dynamic_BooleanParameter.cxx" />
    <ClCompile Include="..\..\..\src\Dynamic\Dynamic_CompiledMethod.cxx" />
    <ClCompile Include="..\..\..\src\Dynamic\Dynamic_CompositMethod.cxx" />
    <ClCompile Include="..\..\..\src\Dynamic\Dynamic_CompositVariableInstance.cxx" />
    <ClCompile Include="..\..\..\src\Dynamic\Dynamic_DynamicClass.cxx" />
    <ClCompile Include="..\..\..\src\Dynamic\Dynamic_DynamicDerivedClass.cxx" />
    <ClCompile Include="..\..\..\src\Dynamic\Dynamic_DynamicInstance.cxx" />
    <ClCompile Include="..\..\..\src\Dynamic\Dynamic_FuzzyClass.cxx" />
    <ClCompile Include="..\..\..\src\Dynamic\Dynamic_FuzzyDefinition.cxx" />
    <ClCompile Include="..\..\..\src\Dynamic\Dynamic_FuzzyDefinitionsDictionary.cxx" />
    <ClCompile Include="..\..\..\src\Dynamic\Dynamic_InstanceParameter.cxx" />
    <ClCompile Include="..\..\..\src\Dynamic\Dynamic_IntegerParameter.cxx" />
    <ClCompile Include="..\..\..\src\Dynamic\Dynamic_InterpretedMethod.cxx" />
    <ClCompile Include="..\..\..\src\Dynamic\Dynamic_Method.cxx" />
    <ClCompile Include="..\..\..\src\Dynamic\Dynamic_MethodDefinition.cxx" />
    <ClCompile Include="..\..\..\src\Dynamic\Dynamic_MethodDefinitionsDictionary.cxx" />
    <ClCompile Include="..\..\..\src\Dynamic\Dynamic_ObjectParameter.cxx" />
    <ClCompile Include="..\..\..\src\Dynamic\Dynamic_Parameter.cxx" />
    <ClCompile Include="..\..\..\src\Dynamic\Dynamic_RealParameter.cxx" />
    <ClCompile Include="..\..\..\src\Dynamic\Dynamic_StringParameter.cxx" />
    <ClCompile Include="..\..\..\src\Dynamic\Dynamic_Variable.cxx" />
    <ClCompile Include="..\..\..\src\Dynamic\Dynamic_VariableGroup.cxx" />
    <ClCompile Include="..\..\..\src\Dynamic\Dynamic_VariableInstance.cxx" />
    <ClCompile Include="..\..\..\src\ExprIntrp\ExprIntrp.cxx" />
    <ClCompile Include="..\..\..\src\ExprIntrp\ExprIntrp_Analysis.cxx" />
    <ClCompile Include="..\..\..\src\ExprIntrp\ExprIntrp_Generator.cxx" />
    <ClCompile Include="..\..\..\src\ExprIntrp\ExprIntrp_GenExp.cxx" />
    <ClCompile Include="..\..\..\src\ExprIntrp\ExprIntrp_GenFct.cxx" />
    <ClCompile Include="..\..\..\src\ExprIntrp\ExprIntrp_GenRel.cxx" />
    <ClCompile Include="..\..\..\src\ExprIntrp\ExprIntrp_yaccintrf.cxx" />
    <ClCompile Include="..\..\..\src\ExprIntrp\ExprIntrp_yacclex.cxx" />
    <ClCompile Include="..\..\..\src\Expr\Expr.cxx" />
    <ClCompile Include="..\..\..\src\Expr\Expr_Absolute.cxx" />
    <ClCompile Include="..\..\..\src\Expr\Expr_ArcCosine.cxx" />
    <ClCompile Include="..\..\..\src\Expr\Expr_ArcSine.cxx" />
    <ClCompile Include="..\..\..\src\Expr\Expr_ArcTangent.cxx" />
    <ClCompile Include="..\..\..\src\Expr\Expr_ArgCosh.cxx" />
    <ClCompile Include="..\..\..\src\Expr\Expr_ArgSinh.cxx" />
    <ClCompile Include="..\..\..\src\Expr\Expr_ArgTanh.cxx" />
    <ClCompile Include="..\..\..\src\Expr\Expr_BinaryExpression.cxx" />
    <ClCompile Include="..\..\..\src\Expr\Expr_BinaryFunction.cxx" />
    <ClCompile Include="..\..\..\src\Expr\Expr_Cosh.cxx" />
    <ClCompile Include="..\..\..\src\Expr\Expr_Cosine.cxx" />
    <ClCompile Include="..\..\..\src\Expr\Expr_Difference.cxx" />
    <ClCompile Include="..\..\..\src\Expr\Expr_Different.cxx" />
    <ClCompile Include="..\..\..\src\Expr\Expr_Division.cxx" />
    <ClCompile Include="..\..\..\src\Expr\Expr_Equal.cxx" />
    <ClCompile Include="..\..\..\src\Expr\Expr_Exponential.cxx" />
    <ClCompile Include="..\..\..\src\Expr\Expr_Exponentiate.cxx" />
    <ClCompile Include="..\..\..\src\Expr\Expr_FunctionDerivative.cxx" />
    <ClCompile Include="..\..\..\src\Expr\Expr_GeneralExpression.cxx" />
    <ClCompile Include="..\..\..\src\Expr\Expr_GeneralFunction.cxx" />
    <ClCompile Include="..\..\..\src\Expr\Expr_GeneralRelation.cxx" />
    <ClCompile Include="..\..\..\src\Expr\Expr_GreaterThan.cxx" />
    <ClCompile Include="..\..\..\src\Expr\Expr_GreaterThanOrEqual.cxx" />
    <ClCompile Include="..\..\..\src\Expr\Expr_LessThan.cxx" />
    <ClCompile Include="..\..\..\src\Expr\Expr_LessThanOrEqual.cxx" />
    <ClCompile Include="..\..\..\src\Expr\Expr_LogOf10.cxx" />
    <ClCompile Include="..\..\..\src\Expr\Expr_LogOfe.cxx" />
    <ClCompile Include="..\..\..\src\Expr\Expr_NamedConstant.cxx" />
    <ClCompile Include="..\..\..\src\Expr\Expr_NamedExpression.cxx" />
    <ClCompile Include="..\..\..\src\Expr\Expr_NamedFunction.cxx" />
    <ClCompile Include="..\..\..\src\Expr\Expr_NamedUnknown.cxx" />
    <ClCompile Include="..\..\..\src\Expr\Expr_NumericValue.cxx" />
    <ClCompile Include="..\..\..\src\Expr\Expr_Operators.cxx" />
    <ClCompile Include="..\..\..\src\Expr\Expr_PolyExpression.cxx" />
    <ClCompile Include="..\..\..\src\Expr\Expr_PolyFunction.cxx" />
    <ClCompile Include="..\..\..\src\Expr\Expr_Product.cxx" />
    <ClCompile Include="..\..\..\src\Expr\Expr_RelationIterator.cxx" />
    <ClCompile Include="..\..\..\src\Expr\Expr_RUIterator.cxx" />
    <ClCompile Include="..\..\..\src\Expr\Expr_Sign.cxx" />
    <ClCompile Include="..\..\..\src\Expr\Expr_Sine.cxx" />
    <ClCompile Include="..\..\..\src\Expr\Expr_SingleRelation.cxx" />
    <ClCompile Include="..\..\..\src\Expr\Expr_Sinh.cxx" />
    <ClCompile Include="..\..\..\src\Expr\Expr_Square.cxx" />
    <ClCompile Include="..\..\..\src\Expr\Expr_SquareRoot.cxx" />
    <ClCompile Include="..\..\..\src\Expr\Expr_Sum.cxx" />
    <ClCompile Include="..\..\..\src\Expr\Expr_SystemRelation.cxx" />
    <ClCompile Include="..\..\..\src\Expr\Expr_Tangent.cxx" />
    <ClCompile Include="..\..\..\src\Expr\Expr_Tanh.cxx" />
    <ClCompile Include="..\..\..\src\Expr\Expr_UnaryExpression.cxx" />
    <ClCompile Include="..\..\..\src\Expr\Expr_UnaryFunction.cxx" />
    <ClCompile Include="..\..\..\src\Expr\Expr_UnaryMinus.cxx" />
    <ClCompile Include="..\..\..\src\Expr\Expr_UnknownIterator.cxx" />
    <ClCompile Include="..\..\..\src\GraphTools\GraphTools_RGNode.cxx" />
    <ClCompile Include="..\..\..\src\GraphTools\GraphTools_SC.cxx" />
    <ClCompile Include="..\..\..\src\GraphTools\GraphTools_TSNode.cxx" />
    <ClCompile Include="..\..\..\src\Materials\Materials.cxx" />
    <ClCompile Include="..\..\..\src\Materials\Materials_Color.cxx" />
    <ClCompile Include="..\..\..\src\Materials\Materials_Material.cxx" />
    <ClCompile Include="..\..\..\src\Materials\Materials_MaterialDefinition.cxx" />
    <ClCompile Include="..\..\..\src\Materials\Materials_MaterialsDictionary.cxx" />
  </ItemGroup>
</Project>