<?xml version="1.0" encoding="utf-8"?>
<Project ToolsVersion="4.0" xmlns="http://schemas.microsoft.com/developer/msbuild/2003">
  <ItemGroup>
    <ClCompile Include="..\..\..\drv\StdSchema\StdSchema.cxx" />
    <ClCompile Include="..\..\..\drv\StdSchema\StdSchema_DBC_VArrayOfCharacter.cxx" />
    <ClCompile Include="..\..\..\drv\StdSchema\StdSchema_DBC_VArrayOfExtCharacter.cxx" />
    <ClCompile Include="..\..\..\drv\StdSchema\StdSchema_gp_Ax1.cxx" />
    <ClCompile Include="..\..\..\drv\StdSchema\StdSchema_gp_Ax2.cxx" />
    <ClCompile Include="..\..\..\drv\StdSchema\StdSchema_gp_Ax2d.cxx" />
    <ClCompile Include="..\..\..\drv\StdSchema\StdSchema_gp_Ax3.cxx" />
    <ClCompile Include="..\..\..\drv\StdSchema\StdSchema_gp_Dir.cxx" />
    <ClCompile Include="..\..\..\drv\StdSchema\StdSchema_gp_Dir2d.cxx" />
    <ClCompile Include="..\..\..\drv\StdSchema\StdSchema_gp_Mat.cxx" />
    <ClCompile Include="..\..\..\drv\StdSchema\StdSchema_gp_Mat2d.cxx" />
    <ClCompile Include="..\..\..\drv\StdSchema\StdSchema_gp_Pnt.cxx" />
    <ClCompile Include="..\..\..\drv\StdSchema\StdSchema_gp_Pnt2d.cxx" />
    <ClCompile Include="..\..\..\drv\StdSchema\StdSchema_gp_Trsf.cxx" />
    <ClCompile Include="..\..\..\drv\StdSchema\StdSchema_gp_Trsf2d.cxx" />
    <ClCompile Include="..\..\..\drv\StdSchema\StdSchema_gp_Vec.cxx" />
    <ClCompile Include="..\..\..\drv\StdSchema\StdSchema_gp_Vec2d.cxx" />
    <ClCompile Include="..\..\..\drv\StdSchema\StdSchema_gp_XY.cxx" />
    <ClCompile Include="..\..\..\drv\StdSchema\StdSchema_gp_XYZ.cxx" />
    <ClCompile Include="..\..\..\drv\StdSchema\StdSchema_PCollection_HAsciiString.cxx" />
    <ClCompile Include="..\..\..\drv\StdSchema\StdSchema_PCollection_HExtendedString.cxx" />
    <ClCompile Include="..\..\..\drv\StdSchema\StdSchema_PColStd_FieldOfHArray1OfInteger.cxx" />
    <ClCompile Include="..\..\..\drv\StdSchema\StdSchema_PColStd_HArray1OfInteger.cxx" />
    <ClCompile Include="..\..\..\drv\StdSchema\StdSchema_PDataStd_Integer.cxx" />
    <ClCompile Include="..\..\..\drv\StdSchema\StdSchema_PDataStd_Real.cxx" />
    <ClCompile Include="..\..\..\drv\StdSchema\StdSchema_PDataXtd_Axis.cxx" />
    <ClCompile Include="..\..\..\drv\StdSchema\StdSchema_PDataXtd_Constraint.cxx" />
    <ClCompile Include="..\..\..\drv\StdSchema\StdSchema_PDataXtd_Geometry.cxx" />
    <ClCompile Include="..\..\..\drv\StdSchema\StdSchema_PDataXtd_PatternStd.cxx" />
    <ClCompile Include="..\..\..\drv\StdSchema\StdSchema_PDataXtd_Placement.cxx" />
    <ClCompile Include="..\..\..\drv\StdSchema\StdSchema_PDataXtd_Plane.cxx" />
    <ClCompile Include="..\..\..\drv\StdSchema\StdSchema_PDataXtd_Point.cxx" />
    <ClCompile Include="..\..\..\drv\StdSchema\StdSchema_PDataXtd_Position.cxx" />
    <ClCompile Include="..\..\..\drv\StdSchema\StdSchema_PDataXtd_Shape.cxx" />
    <ClCompile Include="..\..\..\drv\StdSchema\StdSchema_PDF_Attribute.cxx" />
    <ClCompile Include="..\..\..\drv\StdSchema\StdSchema_PDF_FieldOfHAttributeArray1.cxx" />
    <ClCompile Include="..\..\..\drv\StdSchema\StdSchema_PDF_HAttributeArray1.cxx" />
    <ClCompile Include="..\..\..\drv\StdSchema\StdSchema_PNaming_FieldOfHArray1OfNamedShape.cxx" />
    <ClCompile Include="..\..\..\drv\StdSchema\StdSchema_PNaming_HArray1OfNamedShape.cxx" />
    <ClCompile Include="..\..\..\drv\StdSchema\StdSchema_PNaming_Name.cxx" />
    <ClCompile Include="..\..\..\drv\StdSchema\StdSchema_PNaming_NamedShape.cxx" />
    <ClCompile Include="..\..\..\drv\StdSchema\StdSchema_PNaming_Name_1.cxx" />
    <ClCompile Include="..\..\..\drv\StdSchema\StdSchema_PNaming_Naming.cxx" />
    <ClCompile Include="..\..\..\drv\StdSchema\StdSchema_PNaming_Naming_1.cxx" />
    <ClCompile Include="..\..\..\drv\StdSchema\StdSchema_PPrsStd_AISPresentation.cxx" />
    <ClCompile Include="..\..\..\drv\StdSchema\StdSchema_PPrsStd_AISPresentation_1.cxx" />
    <ClCompile Include="..\..\..\drv\StdSchema\StdSchema_PTopLoc_Datum3D.cxx" />
    <ClCompile Include="..\..\..\drv\StdSchema\StdSchema_PTopLoc_ItemLocation.cxx" />
    <ClCompile Include="..\..\..\drv\StdSchema\StdSchema_PTopLoc_Location.cxx" />
    <ClCompile Include="..\..\..\drv\StdSchema\StdSchema_PTopoDS_FieldOfHArray1OfShape1.cxx" />
    <ClCompile Include="..\..\..\drv\StdSchema\StdSchema_PTopoDS_HArray1OfShape1.cxx" />
    <ClCompile Include="..\..\..\drv\StdSchema\StdSchema_PTopoDS_Shape1.cxx" />
    <ClCompile Include="..\..\..\drv\StdSchema\StdSchema_PTopoDS_TShape1.cxx" />
    <ClCompile Include="..\..\..\drv\StdSchema\StdSchema_Standard_Persistent.cxx" />
    <ClCompile Include="..\..\..\drv\StdSchema\StdSchema_Standard_Storable.cxx" />
    <ClCompile Include="..\..\..\src\StdDrivers\StdDrivers.cxx" />
    <ClCompile Include="..\..\..\src\StdDrivers\StdDrivers_DocumentRetrievalDriver.cxx" />
    <ClCompile Include="..\..\..\src\StdDrivers\StdDrivers_DocumentStorageDriver.cxx" />
  </ItemGroup>
</Project>